
Microsoft Visual Studio Solution File, Format Version 12.00
# Visual Studio 15
VisualStudioVersion = 15.0.28307.1062
MinimumVisualStudioVersion = 10.0.40219.1
Project("{FAE04EC0-301F-11D3-BF4B-00C04F79EFBC}") = "YC.RealDining", "RealDining\YC.RealDining.csproj", "{BD06800B-16D5-45AE-870B-D84BA1C714D2}"
EndProject
Global
	GlobalSection(SolutionConfigurationPlatforms) = preSolution
		Debug|Any CPU = Debug|Any CPU
		Release|Any CPU = Release|Any CPU
	EndGlobalSection
	GlobalSection(ProjectConfigurationPlatforms) = postSolution
		{BD06800B-16D5-45AE-870B-D84BA1C714D2}.Debug|Any CPU.ActiveCfg = Debug|Any CPU
		{BD06800B-16D5-45AE-870B-D84BA1C714D2}.Debug|Any CPU.Build.0 = Debug|Any CPU
		{BD06800B-16D5-45AE-870B-D84BA1C714D2}.Release|Any CPU.ActiveCfg = Release|Any CPU
		{BD06800B-16D5-45AE-870B-D84BA1C714D2}.Release|Any CPU.Build.0 = Release|Any CPU
	EndGlobalSection
	GlobalSection(SolutionProperties) = preSolution
		HideSolutionNode = FALSE
	EndGlobalSection
	GlobalSection(ExtensibilityGlobals) = postSolution
		SolutionGuid = {A43F2D10-BAC7-458D-9145-5AA85A4D6E16}
	EndGlobalSection
EndGlobal
